
Microsoft Visual Studio Solution File, Format Version 12.00
# Visual Studio 2012
Project("{FAE04EC0-301F-11D3-BF4B-00C04F79EFBC}") = "UrbanSpork", "UrbanSpork\UrbanSpork.csproj", "{03283A75-4DE1-4DC1-A5A1-FB8754264BF5}"
EndProject
Global
	GlobalSection(SolutionConfigurationPlatforms) = preSolution
		Debug|Any CPU = Debug|Any CPU
		Release|Any CPU = Release|Any CPU
	EndGlobalSection
	GlobalSection(ProjectConfigurationPlatforms) = postSolution
		{03283A75-4DE1-4DC1-A5A1-FB8754264BF5}.Debug|Any CPU.ActiveCfg = Debug|Any CPU
		{03283A75-4DE1-4DC1-A5A1-FB8754264BF5}.Debug|Any CPU.Build.0 = Debug|Any CPU
		{03283A75-4DE1-4DC1-A5A1-FB8754264BF5}.Release|Any CPU.ActiveCfg = Release|Any CPU
		{03283A75-4DE1-4DC1-A5A1-FB8754264BF5}.Release|Any CPU.Build.0 = Release|Any CPU
	EndGlobalSection
EndGlobal
