
Microsoft Visual Studio Solution File, Format Version 12.00
# Visual Studio 15
VisualStudioVersion = 15.0.27130.2020
MinimumVisualStudioVersion = 10.0.40219.1
Project("{9A19103F-16F7-4668-BE54-9A1E7A4F7556}") = "UrbanSpork.Domain", "Domain\UrbanSpork.Domain.csproj", "{1FC24923-C17D-4D8C-A2F2-E91EB60CBF0C}"
EndProject
Project("{9A19103F-16F7-4668-BE54-9A1E7A4F7556}") = "UrbanSpork.API", "UrbanSpork.API\UrbanSpork.API.csproj", "{E6137D90-DBED-4934-9B38-5E0437F9BFC3}"
EndProject
Global
	GlobalSection(SolutionConfigurationPlatforms) = preSolution
		Debug|Any CPU = Debug|Any CPU
		Release|Any CPU = Release|Any CPU
	EndGlobalSection
	GlobalSection(ProjectConfigurationPlatforms) = postSolution
		{1FC24923-C17D-4D8C-A2F2-E91EB60CBF0C}.Debug|Any CPU.ActiveCfg = Debug|Any CPU
		{1FC24923-C17D-4D8C-A2F2-E91EB60CBF0C}.Debug|Any CPU.Build.0 = Debug|Any CPU
		{1FC24923-C17D-4D8C-A2F2-E91EB60CBF0C}.Release|Any CPU.ActiveCfg = Release|Any CPU
		{1FC24923-C17D-4D8C-A2F2-E91EB60CBF0C}.Release|Any CPU.Build.0 = Release|Any CPU
		{E6137D90-DBED-4934-9B38-5E0437F9BFC3}.Debug|Any CPU.ActiveCfg = Debug|Any CPU
		{E6137D90-DBED-4934-9B38-5E0437F9BFC3}.Debug|Any CPU.Build.0 = Debug|Any CPU
		{E6137D90-DBED-4934-9B38-5E0437F9BFC3}.Release|Any CPU.ActiveCfg = Release|Any CPU
		{E6137D90-DBED-4934-9B38-5E0437F9BFC3}.Release|Any CPU.Build.0 = Release|Any CPU
	EndGlobalSection
	GlobalSection(SolutionProperties) = preSolution
		HideSolutionNode = FALSE
	EndGlobalSection
	GlobalSection(ExtensibilityGlobals) = postSolution
		SolutionGuid = {981953FB-3DC6-4E3F-951B-3324CDBEB4D5}
	EndGlobalSection
EndGlobal
