
Microsoft Visual Studio Solution File, Format Version 12.00
# Visual Studio 15
VisualStudioVersion = 15.0.27130.2020
MinimumVisualStudioVersion = 10.0.40219.1
Project("{9A19103F-16F7-4668-BE54-9A1E7A4F7556}") = "UrbanSpork.API", "UrbanSpork.API\UrbanSpork.API.csproj", "{E6137D90-DBED-4934-9B38-5E0437F9BFC3}"
EndProject
Project("{9A19103F-16F7-4668-BE54-9A1E7A4F7556}") = "UrbanSpork.ReadModel", "UrbanSpork.ReadModel\UrbanSpork.ReadModel.csproj", "{44BD986A-C1B7-482D-882A-787C13417A77}"
EndProject
Project("{9A19103F-16F7-4668-BE54-9A1E7A4F7556}") = "UrbanSpork.WriteModel", "UrbanSpork.WriteModel\UrbanSpork.WriteModel.csproj", "{356B30A5-4ECD-4341-B5B7-7EFC9C49C781}"
EndProject
Project("{9A19103F-16F7-4668-BE54-9A1E7A4F7556}") = "UrbanSpork.Common", "UrbanSpork.Common\UrbanSpork.Common.csproj", "{3DE481D3-1E22-4014-B51C-7479A88EEF0A}"
EndProject
Project("{9A19103F-16F7-4668-BE54-9A1E7A4F7556}") = "UrbanSpork.CQRS", "UrbanSpork.CQRS\UrbanSpork.CQRS.csproj", "{8513F218-AFC3-4EE2-831B-AF55180BD3D3}"
EndProject
Project("{9A19103F-16F7-4668-BE54-9A1E7A4F7556}") = "UrbanSpork.DataAccess", "UrbanSpork.DataAccess\UrbanSpork.DataAccess.csproj", "{0A6522ED-30F9-4B83-AC50-93267D2F8C75}"
EndProject
Global
	GlobalSection(SolutionConfigurationPlatforms) = preSolution
		Debug|Any CPU = Debug|Any CPU
		Release|Any CPU = Release|Any CPU
	EndGlobalSection
	GlobalSection(ProjectConfigurationPlatforms) = postSolution
		{E6137D90-DBED-4934-9B38-5E0437F9BFC3}.Debug|Any CPU.ActiveCfg = Debug|Any CPU
		{E6137D90-DBED-4934-9B38-5E0437F9BFC3}.Debug|Any CPU.Build.0 = Debug|Any CPU
		{E6137D90-DBED-4934-9B38-5E0437F9BFC3}.Release|Any CPU.ActiveCfg = Release|Any CPU
		{E6137D90-DBED-4934-9B38-5E0437F9BFC3}.Release|Any CPU.Build.0 = Release|Any CPU
		{44BD986A-C1B7-482D-882A-787C13417A77}.Debug|Any CPU.ActiveCfg = Debug|Any CPU
		{44BD986A-C1B7-482D-882A-787C13417A77}.Debug|Any CPU.Build.0 = Debug|Any CPU
		{44BD986A-C1B7-482D-882A-787C13417A77}.Release|Any CPU.ActiveCfg = Release|Any CPU
		{44BD986A-C1B7-482D-882A-787C13417A77}.Release|Any CPU.Build.0 = Release|Any CPU
		{356B30A5-4ECD-4341-B5B7-7EFC9C49C781}.Debug|Any CPU.ActiveCfg = Debug|Any CPU
		{356B30A5-4ECD-4341-B5B7-7EFC9C49C781}.Debug|Any CPU.Build.0 = Debug|Any CPU
		{356B30A5-4ECD-4341-B5B7-7EFC9C49C781}.Release|Any CPU.ActiveCfg = Release|Any CPU
		{356B30A5-4ECD-4341-B5B7-7EFC9C49C781}.Release|Any CPU.Build.0 = Release|Any CPU
		{3DE481D3-1E22-4014-B51C-7479A88EEF0A}.Debug|Any CPU.ActiveCfg = Debug|Any CPU
		{3DE481D3-1E22-4014-B51C-7479A88EEF0A}.Debug|Any CPU.Build.0 = Debug|Any CPU
		{3DE481D3-1E22-4014-B51C-7479A88EEF0A}.Release|Any CPU.ActiveCfg = Release|Any CPU
		{3DE481D3-1E22-4014-B51C-7479A88EEF0A}.Release|Any CPU.Build.0 = Release|Any CPU
		{8513F218-AFC3-4EE2-831B-AF55180BD3D3}.Debug|Any CPU.ActiveCfg = Debug|Any CPU
		{8513F218-AFC3-4EE2-831B-AF55180BD3D3}.Debug|Any CPU.Build.0 = Debug|Any CPU
		{8513F218-AFC3-4EE2-831B-AF55180BD3D3}.Release|Any CPU.ActiveCfg = Release|Any CPU
		{8513F218-AFC3-4EE2-831B-AF55180BD3D3}.Release|Any CPU.Build.0 = Release|Any CPU
		{0A6522ED-30F9-4B83-AC50-93267D2F8C75}.Debug|Any CPU.ActiveCfg = Debug|Any CPU
		{0A6522ED-30F9-4B83-AC50-93267D2F8C75}.Debug|Any CPU.Build.0 = Debug|Any CPU
		{0A6522ED-30F9-4B83-AC50-93267D2F8C75}.Release|Any CPU.ActiveCfg = Release|Any CPU
		{0A6522ED-30F9-4B83-AC50-93267D2F8C75}.Release|Any CPU.Build.0 = Release|Any CPU
	EndGlobalSection
	GlobalSection(SolutionProperties) = preSolution
		HideSolutionNode = FALSE
	EndGlobalSection
	GlobalSection(ExtensibilityGlobals) = postSolution
		SolutionGuid = {981953FB-3DC6-4E3F-951B-3324CDBEB4D5}
	EndGlobalSection
EndGlobal
